{
  "version": "3",
  "redirects": {
    "https://deno.land/x/hono/mod.ts": "https://deno.land/x/hono@v3.10.0-rc.1/mod.ts",
    "https://deno.land/x/jsx/mod.ts": "https://deno.land/x/jsx@v0.1.5/mod.ts",
    "https://deno.land/x/use_php/mod.ts": "https://deno.land/x/use_php@v1/mod.ts"
  },
  "remote": {
    "https://cdn.jsdelivr.net/npm/php-wasm@0.0.0-esm-preview-45/PhpBase.mjs": "9301981d3dea95f718d6028c10f8f49caffdc1a5081f4970b386ded55080243c",
    "https://cdn.jsdelivr.net/npm/php-wasm@0.0.0-esm-preview-45/PhpWorker.mjs": "fc531908df43bf3580c79c8ddb50e14f1746402938beb17f63dd70097f2a982f",
    "https://cdn.jsdelivr.net/npm/php-wasm@0.0.0-esm-preview-45/php-worker.mjs": "a3dfdd0091dc884e3788a52375f147cc2a3d0759102ccce07c889154d71ce593",
    "https://deno.land/x/hono@v3.10.0-rc.1/client/client.ts": "ff340f58041203879972dd368b011ed130c66914f789826610869a90603406bf",
    "https://deno.land/x/hono@v3.10.0-rc.1/client/index.ts": "3ff4cf246f3543f827a85a2c84d66a025ac350ee927613629bda47e854bfb7ba",
    "https://deno.land/x/hono@v3.10.0-rc.1/client/utils.ts": "053273c002963b549d38268a1b423ac8ca211a8028bdab1ed0b781a62aa5e661",
    "https://deno.land/x/hono@v3.10.0-rc.1/compose.ts": "501c8ada9d9b0fb375e3c9954ce7c4922cf562bfec8e80744bac47020754034d",
    "https://deno.land/x/hono@v3.10.0-rc.1/context.ts": "cc79c2c40433a8ca6ae3c963d4e2de7f139982952057957839341ed93f260b8b",
    "https://deno.land/x/hono@v3.10.0-rc.1/helper/cookie/index.ts": "55ccd20bbd8d9a8bb2ecd998e90845c1d306c19027f54b3d1b89a5be35968b80",
    "https://deno.land/x/hono@v3.10.0-rc.1/hono-base.ts": "998ec910cbe0353407e95b93b7722fa1e39c23a06aa35552ab03441380fd4579",
    "https://deno.land/x/hono@v3.10.0-rc.1/hono.ts": "2cc4c292e541463a4d6f83edbcea58048d203e9564ae62ec430a3d466b49a865",
    "https://deno.land/x/hono@v3.10.0-rc.1/http-exception.ts": "6071df078b5f76d279684d52fe82a590f447a64ffe1b75eb5064d0c8a8d2d676",
    "https://deno.land/x/hono@v3.10.0-rc.1/mod.ts": "90114a97be9111b348129ad0143e764a64921f60dd03b8f3da529db98a0d3a82",
    "https://deno.land/x/hono@v3.10.0-rc.1/request.ts": "52330303dd7a3bf4f580fde0463ba608bc4c88a8b7b5edd7c1327064c7cf65ce",
    "https://deno.land/x/hono@v3.10.0-rc.1/router.ts": "39d573f48baee429810cd583c931dd44274273c30804d538c86967d310ea4ab5",
    "https://deno.land/x/hono@v3.10.0-rc.1/router/linear-router/index.ts": "8a2a7144c50b1f4a92d9ee99c2c396716af144c868e10608255f969695efccd0",
    "https://deno.land/x/hono@v3.10.0-rc.1/router/linear-router/router.ts": "bc63e8b5bc1dabc815306d50bebd1bb5877ffa3936ba2ad7550d093c95ee6bd1",
    "https://deno.land/x/hono@v3.10.0-rc.1/router/pattern-router/index.ts": "304a66c50e243872037ed41c7dd79ed0c89d815e17e172e7ad7cdc4bc07d3383",
    "https://deno.land/x/hono@v3.10.0-rc.1/router/pattern-router/router.ts": "a9a5a2a182cce8c3ae82139892cc0502be7dd8f579f31e76d0302b19b338e548",
    "https://deno.land/x/hono@v3.10.0-rc.1/router/reg-exp-router/index.ts": "52755829213941756159b7a963097bafde5cc4fc22b13b1c7c9184dc0512d1db",
    "https://deno.land/x/hono@v3.10.0-rc.1/router/reg-exp-router/node.ts": "5b3fb80411db04c65df066e69fedb2c8c0844753c2633d703336de84d569252c",
    "https://deno.land/x/hono@v3.10.0-rc.1/router/reg-exp-router/router.ts": "fbe8917aa24fe25d0208bfa82ce7f49ba0507f9ae158d4d0c177f6a061b0a561",
    "https://deno.land/x/hono@v3.10.0-rc.1/router/reg-exp-router/trie.ts": "852ce7207e6701e47fa30889a0d2b8bfcd56d8862c97e7bc9831e0a64bd8835f",
    "https://deno.land/x/hono@v3.10.0-rc.1/router/smart-router/index.ts": "74f9b4fe15ea535900f2b9b048581915f12fe94e531dd2b0032f5610e61c3bef",
    "https://deno.land/x/hono@v3.10.0-rc.1/router/smart-router/router.ts": "71979c06b32b093960a6e8efc4c185e558f280bff18846b8b1cdc757ade6ff99",
    "https://deno.land/x/hono@v3.10.0-rc.1/router/trie-router/index.ts": "3eb75e7f71ba81801631b30de6b1f5cefb2c7239c03797e2b2cbab5085911b41",
    "https://deno.land/x/hono@v3.10.0-rc.1/router/trie-router/node.ts": "3af15fa9c9994a8664a2b7a7c11233504b5bb9d4fcf7bb34cf30d7199052c39f",
    "https://deno.land/x/hono@v3.10.0-rc.1/router/trie-router/router.ts": "54ced78d35676302c8fcdda4204f7bdf5a7cc907fbf9967c75674b1e394f830d",
    "https://deno.land/x/hono@v3.10.0-rc.1/utils/body.ts": "7a16a6656331a96bcae57642f8d5e3912bd361cbbcc2c0d2157ecc3f218f7a92",
    "https://deno.land/x/hono@v3.10.0-rc.1/utils/buffer.ts": "9066a973e64498cb262c7e932f47eed525a51677b17f90893862b7279dc0773e",
    "https://deno.land/x/hono@v3.10.0-rc.1/utils/cookie.ts": "19920ba6756944aae1ad8585c3ddeaa9df479733f59d05359db096f7361e5e4b",
    "https://deno.land/x/hono@v3.10.0-rc.1/utils/crypto.ts": "bda0e141bbe46d3a4a20f8fbcb6380d473b617123d9fdfa93e4499410b537acc",
    "https://deno.land/x/hono@v3.10.0-rc.1/utils/stream.ts": "1789dcc73c5b0ede28f83d7d34e47ae432c20e680907cb3275a9c9187f293983",
    "https://deno.land/x/hono@v3.10.0-rc.1/utils/url.ts": "5fc3307ef3cb2e6f34ec2a03e3d7f2126c6a9f5f0eab677222df3f0e40bd7567",
    "https://deno.land/x/hono@v3.10.0-rc.1/validator/index.ts": "6c986e8b91dcf857ecc8164a506ae8eea8665792a4ff7215471df669c632ae7c",
    "https://deno.land/x/hono@v3.10.0-rc.1/validator/validator.ts": "afa5e52495e0996fbba61996736fab5c486590d72d376f809e9f9ff4e0c463e9",
    "https://deno.land/x/jsx@v0.1.5/mod.ts": "24bb89837fda59c53c12a3c0e464378ca6de9b261dec1df57ba640b1cfed9611",
    "https://deno.land/x/use_php@v1/lib/bootstrap.ts": "1eabfd11cb2ca462d2a8540ad3a634bc2b66260c30f32ad906141107ecab5f49",
    "https://deno.land/x/use_php@v1/lib/usephp.tsx": "f38cd6da586f870a85a2a02a3f2a906b7735124b72bfd028eef638158bb207c3",
    "https://deno.land/x/use_php@v1/mod.ts": "b8e9949aa50476345bf036c99f7870cc451dafd50d922d65bc6d839c6a9e55ab"
  }
}
